// !$*UTF8*$!
{
	archiveVersion = 1;
	classes = {
	};
	objectVersion = 46;
	objects = {

/* Begin PBXBuildFile section */
		A76CD1D01F739E290021CD0D /* VideoAdTableViewCell.m in Sources */ = {isa = PBXBuildFile; fileRef = A76CD1CF1F739E290021CD0D /* VideoAdTableViewCell.m */; };
		A76CD1D41F739E550021CD0D /* VideoAdPlayerView.m in Sources */ = {isa = PBXBuildFile; fileRef = A76CD1D31F739E550021CD0D /* VideoAdPlayerView.m */; };
		A76CD1DA1F73A3530021CD0D /* DemoViewController.m in Sources */ = {isa = PBXBuildFile; fileRef = A76CD1D91F73A3530021CD0D /* DemoViewController.m */; };
		A76CDB661F74017E00C0CBB4 /* GoogleInteractiveMediaAds.framework in Embed Frameworks */ = {isa = PBXBuildFile; fileRef = A7E6188B1F73B03600BD5AAD /* GoogleInteractiveMediaAds.framework */; settings = {ATTRIBUTES = (CodeSignOnCopy, RemoveHeadersOnCopy, ); }; };
		A7C88B3C1F5FE886000301B4 /* main.m in Sources */ = {isa = PBXBuildFile; fileRef = A7C88B3B1F5FE886000301B4 /* main.m */; };
		A7C88B3F1F5FE886000301B4 /* AppDelegate.m in Sources */ = {isa = PBXBuildFile; fileRef = A7C88B3E1F5FE886000301B4 /* AppDelegate.m */; };
		A7C88B451F5FE886000301B4 /* Main.storyboard in Resources */ = {isa = PBXBuildFile; fileRef = A7C88B431F5FE886000301B4 /* Main.storyboard */; };
		A7C88B471F5FE886000301B4 /* Assets.xcassets in Resources */ = {isa = PBXBuildFile; fileRef = A7C88B461F5FE886000301B4 /* Assets.xcassets */; };
		A7C88B4A1F5FE886000301B4 /* LaunchScreen.storyboard in Resources */ = {isa = PBXBuildFile; fileRef = A7C88B481F5FE886000301B4 /* LaunchScreen.storyboard */; };
		A7C88B531F5FE8C2000301B4 /* ListViewController.m in Sources */ = {isa = PBXBuildFile; fileRef = A7C88B521F5FE8C2000301B4 /* ListViewController.m */; };
		A7C88B591F5FF13D000301B4 /* FBAnimationPerformanceTracker.mm in Sources */ = {isa = PBXBuildFile; fileRef = A7C88B581F5FF13D000301B4 /* FBAnimationPerformanceTracker.mm */; };
		A7E6187E1F73A44E00BD5AAD /* WebKit.framework in Frameworks */ = {isa = PBXBuildFile; fileRef = A7E6187D1F73A44E00BD5AAD /* WebKit.framework */; };
		A7E618891F73ADA900BD5AAD /* GoogleIMAAdsLoaderManager.m in Sources */ = {isa = PBXBuildFile; fileRef = A7E618881F73ADA900BD5AAD /* GoogleIMAAdsLoaderManager.m */; };
		A7E6188D1F73B0C700BD5AAD /* GoogleInteractiveMediaAds.framework in Frameworks */ = {isa = PBXBuildFile; fileRef = A7E6188B1F73B03600BD5AAD /* GoogleInteractiveMediaAds.framework */; };
/* End PBXBuildFile section */

/* Begin PBXCopyFilesBuildPhase section */
		A76CDB671F74017E00C0CBB4 /* Embed Frameworks */ = {
			isa = PBXCopyFilesBuildPhase;
			buildActionMask = 2147483647;
			dstPath = "";
			dstSubfolderSpec = 10;
			files = (
				A76CDB661F74017E00C0CBB4 /* GoogleInteractiveMediaAds.framework in Embed Frameworks */,
			);
			name = "Embed Frameworks";
			runOnlyForDeploymentPostprocessing = 0;
		};
/* End PBXCopyFilesBuildPhase section */

/* Begin PBXFileReference section */
		A76CD1CC1F739AD00021CD0D /* video-placeholder.mp4 */ = {isa = PBXFileReference; lastKnownFileType = file; path = "video-placeholder.mp4"; sourceTree = "<group>"; };
		A76CD1CE1F739E290021CD0D /* VideoAdTableViewCell.h */ = {isa = PBXFileReference; lastKnownFileType = sourcecode.c.h; path = VideoAdTableViewCell.h; sourceTree = "<group>"; };
		A76CD1CF1F739E290021CD0D /* VideoAdTableViewCell.m */ = {isa = PBXFileReference; lastKnownFileType = sourcecode.c.objc; path = VideoAdTableViewCell.m; sourceTree = "<group>"; };
		A76CD1D21F739E550021CD0D /* VideoAdPlayerView.h */ = {isa = PBXFileReference; lastKnownFileType = sourcecode.c.h; path = VideoAdPlayerView.h; sourceTree = "<group>"; };
		A76CD1D31F739E550021CD0D /* VideoAdPlayerView.m */ = {isa = PBXFileReference; lastKnownFileType = sourcecode.c.objc; path = VideoAdPlayerView.m; sourceTree = "<group>"; };
		A76CD1D81F73A3530021CD0D /* DemoViewController.h */ = {isa = PBXFileReference; lastKnownFileType = sourcecode.c.h; path = DemoViewController.h; sourceTree = "<group>"; };
		A76CD1D91F73A3530021CD0D /* DemoViewController.m */ = {isa = PBXFileReference; lastKnownFileType = sourcecode.c.objc; path = DemoViewController.m; sourceTree = "<group>"; };
		A7C88B371F5FE886000301B4 /* ListViewPerformanceCheck.app */ = {isa = PBXFileReference; explicitFileType = wrapper.application; includeInIndex = 0; path = ListViewPerformanceCheck.app; sourceTree = BUILT_PRODUCTS_DIR; };
		A7C88B3B1F5FE886000301B4 /* main.m */ = {isa = PBXFileReference; lastKnownFileType = sourcecode.c.objc; path = main.m; sourceTree = "<group>"; };
		A7C88B3D1F5FE886000301B4 /* AppDelegate.h */ = {isa = PBXFileReference; lastKnownFileType = sourcecode.c.h; path = AppDelegate.h; sourceTree = "<group>"; };
		A7C88B3E1F5FE886000301B4 /* AppDelegate.m */ = {isa = PBXFileReference; lastKnownFileType = sourcecode.c.objc; path = AppDelegate.m; sourceTree = "<group>"; };
		A7C88B441F5FE886000301B4 /* Base */ = {isa = PBXFileReference; lastKnownFileType = file.storyboard; name = Base; path = Base.lproj/Main.storyboard; sourceTree = "<group>"; };
		A7C88B461F5FE886000301B4 /* Assets.xcassets */ = {isa = PBXFileReference; lastKnownFileType = folder.assetcatalog; path = Assets.xcassets; sourceTree = "<group>"; };
		A7C88B491F5FE886000301B4 /* Base */ = {isa = PBXFileReference; lastKnownFileType = file.storyboard; name = Base; path = Base.lproj/LaunchScreen.storyboard; sourceTree = "<group>"; };
		A7C88B4B1F5FE886000301B4 /* Info.plist */ = {isa = PBXFileReference; lastKnownFileType = text.plist.xml; path = Info.plist; sourceTree = "<group>"; };
		A7C88B511F5FE8C2000301B4 /* ListViewController.h */ = {isa = PBXFileReference; fileEncoding = 4; lastKnownFileType = sourcecode.c.h; path = ListViewController.h; sourceTree = "<group>"; };
		A7C88B521F5FE8C2000301B4 /* ListViewController.m */ = {isa = PBXFileReference; fileEncoding = 4; lastKnownFileType = sourcecode.c.objc; path = ListViewController.m; sourceTree = "<group>"; };
		A7C88B571F5FF13D000301B4 /* FBAnimationPerformanceTracker.h */ = {isa = PBXFileReference; fileEncoding = 4; lastKnownFileType = sourcecode.c.h; path = FBAnimationPerformanceTracker.h; sourceTree = "<group>"; };
		A7C88B581F5FF13D000301B4 /* FBAnimationPerformanceTracker.mm */ = {isa = PBXFileReference; fileEncoding = 4; lastKnownFileType = sourcecode.cpp.objcpp; path = FBAnimationPerformanceTracker.mm; sourceTree = "<group>"; };
		A7E6187D1F73A44E00BD5AAD /* WebKit.framework */ = {isa = PBXFileReference; lastKnownFileType = wrapper.framework; name = WebKit.framework; path = System/Library/Frameworks/WebKit.framework; sourceTree = SDKROOT; };
		A7E618871F73ADA900BD5AAD /* GoogleIMAAdsLoaderManager.h */ = {isa = PBXFileReference; lastKnownFileType = sourcecode.c.h; path = GoogleIMAAdsLoaderManager.h; sourceTree = "<group>"; };
		A7E618881F73ADA900BD5AAD /* GoogleIMAAdsLoaderManager.m */ = {isa = PBXFileReference; lastKnownFileType = sourcecode.c.objc; path = GoogleIMAAdsLoaderManager.m; sourceTree = "<group>"; };
		A7E6188B1F73B03600BD5AAD /* GoogleInteractiveMediaAds.framework */ = {isa = PBXFileReference; lastKnownFileType = wrapper.framework; path = GoogleInteractiveMediaAds.framework; sourceTree = "<group>"; };
/* End PBXFileReference section */

/* Begin PBXFrameworksBuildPhase section */
		A7C88B341F5FE886000301B4 /* Frameworks */ = {
			isa = PBXFrameworksBuildPhase;
			buildActionMask = 2147483647;
			files = (
				A7E6188D1F73B0C700BD5AAD /* GoogleInteractiveMediaAds.framework in Frameworks */,
				A7E6187E1F73A44E00BD5AAD /* WebKit.framework in Frameworks */,
			);
			runOnlyForDeploymentPostprocessing = 0;
		};
/* End PBXFrameworksBuildPhase section */

/* Begin PBXGroup section */
		A76CD1CD1F739E090021CD0D /* Cells */ = {
			isa = PBXGroup;
			children = (
				A76CD1CE1F739E290021CD0D /* VideoAdTableViewCell.h */,
				A76CD1CF1F739E290021CD0D /* VideoAdTableViewCell.m */,
			);
			path = Cells;
			sourceTree = "<group>";
		};
		A76CD1D11F739E360021CD0D /* Views */ = {
			isa = PBXGroup;
			children = (
				A76CD1D21F739E550021CD0D /* VideoAdPlayerView.h */,
				A76CD1D31F739E550021CD0D /* VideoAdPlayerView.m */,
			);
			path = Views;
			sourceTree = "<group>";
		};
		A76CD1D51F739EB40021CD0D /* Frameworks */ = {
			isa = PBXGroup;
			children = (
				A7E6188B1F73B03600BD5AAD /* GoogleInteractiveMediaAds.framework */,
			);
			path = Frameworks;
			sourceTree = "<group>";
		};
		A7C88B2E1F5FE886000301B4 = {
			isa = PBXGroup;
			children = (
				A7C88B391F5FE886000301B4 /* ListViewPerformanceCheck */,
				A7C88B381F5FE886000301B4 /* Products */,
				A7E6187C1F73A44E00BD5AAD /* Frameworks */,
			);
			sourceTree = "<group>";
		};
		A7C88B381F5FE886000301B4 /* Products */ = {
			isa = PBXGroup;
			children = (
				A7C88B371F5FE886000301B4 /* ListViewPerformanceCheck.app */,
			);
			name = Products;
			sourceTree = "<group>";
		};
		A7C88B391F5FE886000301B4 /* ListViewPerformanceCheck */ = {
			isa = PBXGroup;
			children = (
				A7E618861F73AD6500BD5AAD /* Managers */,
				A76CD1D51F739EB40021CD0D /* Frameworks */,
				A76CD1D11F739E360021CD0D /* Views */,
				A76CD1CD1F739E090021CD0D /* Cells */,
				A76CD1CC1F739AD00021CD0D /* video-placeholder.mp4 */,
				A7C88B571F5FF13D000301B4 /* FBAnimationPerformanceTracker.h */,
				A7C88B581F5FF13D000301B4 /* FBAnimationPerformanceTracker.mm */,
				A7C88B3D1F5FE886000301B4 /* AppDelegate.h */,
				A7C88B3E1F5FE886000301B4 /* AppDelegate.m */,
				A7C88B431F5FE886000301B4 /* Main.storyboard */,
				A7C88B461F5FE886000301B4 /* Assets.xcassets */,
				A7C88B481F5FE886000301B4 /* LaunchScreen.storyboard */,
				A7C88B4B1F5FE886000301B4 /* Info.plist */,
				A7C88B3A1F5FE886000301B4 /* Supporting Files */,
				A7C88B511F5FE8C2000301B4 /* ListViewController.h */,
				A7C88B521F5FE8C2000301B4 /* ListViewController.m */,
				A76CD1D81F73A3530021CD0D /* DemoViewController.h */,
				A76CD1D91F73A3530021CD0D /* DemoViewController.m */,
			);
			path = ListViewPerformanceCheck;
			sourceTree = "<group>";
		};
		A7C88B3A1F5FE886000301B4 /* Supporting Files */ = {
			isa = PBXGroup;
			children = (
				A7C88B3B1F5FE886000301B4 /* main.m */,
			);
			name = "Supporting Files";
			sourceTree = "<group>";
		};
		A7E6187C1F73A44E00BD5AAD /* Frameworks */ = {
			isa = PBXGroup;
			children = (
				A7E6187D1F73A44E00BD5AAD /* WebKit.framework */,
			);
			name = Frameworks;
			sourceTree = "<group>";
		};
		A7E618861F73AD6500BD5AAD /* Managers */ = {
			isa = PBXGroup;
			children = (
				A7E618871F73ADA900BD5AAD /* GoogleIMAAdsLoaderManager.h */,
				A7E618881F73ADA900BD5AAD /* GoogleIMAAdsLoaderManager.m */,
			);
			path = Managers;
			sourceTree = "<group>";
		};
/* End PBXGroup section */

/* Begin PBXNativeTarget section */
		A7C88B361F5FE886000301B4 /* ListViewPerformanceCheck */ = {
			isa = PBXNativeTarget;
			buildConfigurationList = A7C88B4E1F5FE886000301B4 /* Build configuration list for PBXNativeTarget "ListViewPerformanceCheck" */;
			buildPhases = (
				A7C88B331F5FE886000301B4 /* Sources */,
				A7C88B341F5FE886000301B4 /* Frameworks */,
				A7C88B351F5FE886000301B4 /* Resources */,
				A76CDB671F74017E00C0CBB4 /* Embed Frameworks */,
			);
			buildRules = (
			);
			dependencies = (
			);
			name = ListViewPerformanceCheck;
			productName = ListViewPerformanceCheck;
			productReference = A7C88B371F5FE886000301B4 /* ListViewPerformanceCheck.app */;
			productType = "com.apple.product-type.application";
		};
/* End PBXNativeTarget section */

/* Begin PBXProject section */
		A7C88B2F1F5FE886000301B4 /* Project object */ = {
			isa = PBXProject;
			attributes = {
				LastUpgradeCheck = 0900;
				ORGANIZATIONNAME = hei;
				TargetAttributes = {
					A7C88B361F5FE886000301B4 = {
						CreatedOnToolsVersion = 8.3.3;
						DevelopmentTeam = 3X53CJD4HG;
						ProvisioningStyle = Automatic;
					};
				};
			};
			buildConfigurationList = A7C88B321F5FE886000301B4 /* Build configuration list for PBXProject "ListViewPerformanceCheck" */;
			compatibilityVersion = "Xcode 3.2";
			developmentRegion = English;
			hasScannedForEncodings = 0;
			knownRegions = (
				en,
				Base,
			);
			mainGroup = A7C88B2E1F5FE886000301B4;
			productRefGroup = A7C88B381F5FE886000301B4 /* Products */;
			projectDirPath = "";
			projectRoot = "";
			targets = (
				A7C88B361F5FE886000301B4 /* ListViewPerformanceCheck */,
			);
		};
/* End PBXProject section */

/* Begin PBXResourcesBuildPhase section */
		A7C88B351F5FE886000301B4 /* Resources */ = {
			isa = PBXResourcesBuildPhase;
			buildActionMask = 2147483647;
			files = (
				A7C88B4A1F5FE886000301B4 /* LaunchScreen.storyboard in Resources */,
				A7C88B471F5FE886000301B4 /* Assets.xcassets in Resources */,
				A7C88B451F5FE886000301B4 /* Main.storyboard in Resources */,
			);
			runOnlyForDeploymentPostprocessing = 0;
		};
/* End PBXResourcesBuildPhase section */

/* Begin PBXSourcesBuildPhase section */
		A7C88B331F5FE886000301B4 /* Sources */ = {
			isa = PBXSourcesBuildPhase;
			buildActionMask = 2147483647;
			files = (
				A7C88B591F5FF13D000301B4 /* FBAnimationPerformanceTracker.mm in Sources */,
				A7C88B3F1F5FE886000301B4 /* AppDelegate.m in Sources */,
				A76CD1D41F739E550021CD0D /* VideoAdPlayerView.m in Sources */,
				A7C88B531F5FE8C2000301B4 /* ListViewController.m in Sources */,
				A7E618891F73ADA900BD5AAD /* GoogleIMAAdsLoaderManager.m in Sources */,
				A76CD1D01F739E290021CD0D /* VideoAdTableViewCell.m in Sources */,
				A76CD1DA1F73A3530021CD0D /* DemoViewController.m in Sources */,
				A7C88B3C1F5FE886000301B4 /* main.m in Sources */,
			);
			runOnlyForDeploymentPostprocessing = 0;
		};
/* End PBXSourcesBuildPhase section */

/* Begin PBXVariantGroup section */
		A7C88B431F5FE886000301B4 /* Main.storyboard */ = {
			isa = PBXVariantGroup;
			children = (
				A7C88B441F5FE886000301B4 /* Base */,
			);
			name = Main.storyboard;
			sourceTree = "<group>";
		};
		A7C88B481F5FE886000301B4 /* LaunchScreen.storyboard */ = {
			isa = PBXVariantGroup;
			children = (
				A7C88B491F5FE886000301B4 /* Base */,
			);
			name = LaunchScreen.storyboard;
			sourceTree = "<group>";
		};
/* End PBXVariantGroup section */

/* Begin XCBuildConfiguration section */
		A7C88B4C1F5FE886000301B4 /* Debug */ = {
			isa = XCBuildConfiguration;
			buildSettings = {
				ALWAYS_SEARCH_USER_PATHS = NO;
				CLANG_ANALYZER_NONNULL = YES;
				CLANG_ANALYZER_NUMBER_OBJECT_CONVERSION = YES_AGGRESSIVE;
				CLANG_CXX_LANGUAGE_STANDARD = "gnu++0x";
				CLANG_CXX_LIBRARY = "libc++";
				CLANG_ENABLE_MODULES = YES;
				CLANG_ENABLE_OBJC_ARC = YES;
				CLANG_WARN_BLOCK_CAPTURE_AUTORELEASING = YES;
				CLANG_WARN_BOOL_CONVERSION = YES;
				CLANG_WARN_COMMA = YES;
				CLANG_WARN_CONSTANT_CONVERSION = YES;
				CLANG_WARN_DIRECT_OBJC_ISA_USAGE = YES_ERROR;
				CLANG_WARN_DOCUMENTATION_COMMENTS = YES;
				CLANG_WARN_EMPTY_BODY = YES;
				CLANG_WARN_ENUM_CONVERSION = YES;
				CLANG_WARN_INFINITE_RECURSION = YES;
				CLANG_WARN_INT_CONVERSION = YES;
				CLANG_WARN_NON_LITERAL_NULL_CONVERSION = YES;
				CLANG_WARN_OBJC_LITERAL_CONVERSION = YES;
				CLANG_WARN_OBJC_ROOT_CLASS = YES_ERROR;
				CLANG_WARN_RANGE_LOOP_ANALYSIS = YES;
				CLANG_WARN_STRICT_PROTOTYPES = YES;
				CLANG_WARN_SUSPICIOUS_MOVE = YES;
				CLANG_WARN_UNREACHABLE_CODE = YES;
				CLANG_WARN__DUPLICATE_METHOD_MATCH = YES;
				"CODE_SIGN_IDENTITY[sdk=iphoneos*]" = "iPhone Developer";
				COPY_PHASE_STRIP = NO;
				DEBUG_INFORMATION_FORMAT = dwarf;
				ENABLE_STRICT_OBJC_MSGSEND = YES;
				ENABLE_TESTABILITY = YES;
				FRAMEWORK_SEARCH_PATHS = "$(PROJECT_DIR)/ListViewPerformanceCheck/Frameworks";
				GCC_C_LANGUAGE_STANDARD = gnu99;
				GCC_DYNAMIC_NO_PIC = NO;
				GCC_NO_COMMON_BLOCKS = YES;
				GCC_OPTIMIZATION_LEVEL = 0;
				GCC_PREPROCESSOR_DEFINITIONS = (
					"DEBUG=1",
					"$(inherited)",
				);
				GCC_WARN_64_TO_32_BIT_CONVERSION = YES;
				GCC_WARN_ABOUT_RETURN_TYPE = YES_ERROR;
				GCC_WARN_UNDECLARED_SELECTOR = YES;
				GCC_WARN_UNINITIALIZED_AUTOS = YES_AGGRESSIVE;
				GCC_WARN_UNUSED_FUNCTION = YES;
				GCC_WARN_UNUSED_VARIABLE = YES;
				IPHONEOS_DEPLOYMENT_TARGET = 10.3;
				MTL_ENABLE_DEBUG_INFO = YES;
				ONLY_ACTIVE_ARCH = YES;
				SDKROOT = iphoneos;
			};
			name = Debug;
		};
		A7C88B4D1F5FE886000301B4 /* Release */ = {
			isa = XCBuildConfiguration;
			buildSettings = {
				ALWAYS_SEARCH_USER_PATHS = NO;
				CLANG_ANALYZER_NONNULL = YES;
				CLANG_ANALYZER_NUMBER_OBJECT_CONVERSION = YES_AGGRESSIVE;
				CLANG_CXX_LANGUAGE_STANDARD = "gnu++0x";
				CLANG_CXX_LIBRARY = "libc++";
				CLANG_ENABLE_MODULES = YES;
				CLANG_ENABLE_OBJC_ARC = YES;
				CLANG_WARN_BLOCK_CAPTURE_AUTORELEASING = YES;
				CLANG_WARN_BOOL_CONVERSION = YES;
				CLANG_WARN_COMMA = YES;
				CLANG_WARN_CONSTANT_CONVERSION = YES;
				CLANG_WARN_DIRECT_OBJC_ISA_USAGE = YES_ERROR;
				CLANG_WARN_DOCUMENTATION_COMMENTS = YES;
				CLANG_WARN_EMPTY_BODY = YES;
				CLANG_WARN_ENUM_CONVERSION = YES;
				CLANG_WARN_INFINITE_RECURSION = YES;
				CLANG_WARN_INT_CONVERSION = YES;
				CLANG_WARN_NON_LITERAL_NULL_CONVERSION = YES;
				CLANG_WARN_OBJC_LITERAL_CONVERSION = YES;
				CLANG_WARN_OBJC_ROOT_CLASS = YES_ERROR;
				CLANG_WARN_RANGE_LOOP_ANALYSIS = YES;
				CLANG_WARN_STRICT_PROTOTYPES = YES;
				CLANG_WARN_SUSPICIOUS_MOVE = YES;
				CLANG_WARN_UNREACHABLE_CODE = YES;
				CLANG_WARN__DUPLICATE_METHOD_MATCH = YES;
				"CODE_SIGN_IDENTITY[sdk=iphoneos*]" = "iPhone Developer";
				COPY_PHASE_STRIP = NO;
				DEBUG_INFORMATION_FORMAT = "dwarf-with-dsym";
				ENABLE_NS_ASSERTIONS = NO;
				ENABLE_STRICT_OBJC_MSGSEND = YES;
				FRAMEWORK_SEARCH_PATHS = "$(PROJECT_DIR)/ListViewPerformanceCheck/Frameworks";
				GCC_C_LANGUAGE_STANDARD = gnu99;
				GCC_NO_COMMON_BLOCKS = YES;
				GCC_WARN_64_TO_32_BIT_CONVERSION = YES;
				GCC_WARN_ABOUT_RETURN_TYPE = YES_ERROR;
				GCC_WARN_UNDECLARED_SELECTOR = YES;
				GCC_WARN_UNINITIALIZED_AUTOS = YES_AGGRESSIVE;
				GCC_WARN_UNUSED_FUNCTION = YES;
				GCC_WARN_UNUSED_VARIABLE = YES;
				IPHONEOS_DEPLOYMENT_TARGET = 10.3;
				MTL_ENABLE_DEBUG_INFO = NO;
				SDKROOT = iphoneos;
				VALIDATE_PRODUCT = YES;
			};
			name = Release;
		};
		A7C88B4F1F5FE886000301B4 /* Debug */ = {
			isa = XCBuildConfiguration;
			buildSettings = {
				ASSETCATALOG_COMPILER_APPICON_NAME = AppIcon;
				DEVELOPMENT_TEAM = 3X53CJD4HG;
				FRAMEWORK_SEARCH_PATHS = (
					"$(inherited)",
					"$(PROJECT_DIR)/ListViewPerformanceCheck/Frameworks",
				);
				INFOPLIST_FILE = ListViewPerformanceCheck/Info.plist;
				IPHONEOS_DEPLOYMENT_TARGET = 8.0;
				LD_RUNPATH_SEARCH_PATHS = "$(inherited) @executable_path/Frameworks";
				OTHER_LDFLAGS = (
					"-lc++",
					"-ObjC",
				);
				PRODUCT_BUNDLE_IDENTIFIER = com.9gag.ListViewPerformanceCheck;
				PRODUCT_NAME = "$(TARGET_NAME)";
			};
			name = Debug;
		};
		A7C88B501F5FE886000301B4 /* Release */ = {
			isa = XCBuildConfiguration;
			buildSettings = {
				ASSETCATALOG_COMPILER_APPICON_NAME = AppIcon;
				DEVELOPMENT_TEAM = 3X53CJD4HG;
				FRAMEWORK_SEARCH_PATHS = (
					"$(inherited)",
					"$(PROJECT_DIR)/ListViewPerformanceCheck/Frameworks",
				);
				INFOPLIST_FILE = ListViewPerformanceCheck/Info.plist;
				IPHONEOS_DEPLOYMENT_TARGET = 8.0;
				LD_RUNPATH_SEARCH_PATHS = "$(inherited) @executable_path/Frameworks";
				OTHER_LDFLAGS = (
					"-lc++",
					"-ObjC",
				);
				PRODUCT_BUNDLE_IDENTIFIER = com.9gag.ListViewPerformanceCheck;
				PRODUCT_NAME = "$(TARGET_NAME)";
			};
			name = Release;
		};
/* End XCBuildConfiguration section */

/* Begin XCConfigurationList section */
		A7C88B321F5FE886000301B4 /* Build configuration list for PBXProject "ListViewPerformanceCheck" */ = {
			isa = XCConfigurationList;
			buildConfigurations = (
				A7C88B4C1F5FE886000301B4 /* Debug */,
				A7C88B4D1F5FE886000301B4 /* Release */,
			);
			defaultConfigurationIsVisible = 0;
			defaultConfigurationName = Release;
		};
		A7C88B4E1F5FE886000301B4 /* Build configuration list for PBXNativeTarget "ListViewPerformanceCheck" */ = {
			isa = XCConfigurationList;
			buildConfigurations = (
				A7C88B4F1F5FE886000301B4 /* Debug */,
				A7C88B501F5FE886000301B4 /* Release */,
			);
			defaultConfigurationIsVisible = 0;
			defaultConfigurationName = Release;
		};
/* End XCConfigurationList section */
	};
	rootObject = A7C88B2F1F5FE886000301B4 /* Project object */;
}
